schema: '2.0'
stages:
  color_to_segmentation_class:
    cmd: python ./preprocess.py
    deps:
    - path: data/SegmentationClass/
      md5: 1a21b645fa62272a505c3d59e7c3075e.dir
      size: 6704
      nfiles: 2
    - path: preprocess.py
      md5: 08549aa5ef73d10ee7903a9ca3012c58
      size: 958
    outs:
    - path: ./zero_one/
      md5: 12d8594706328c33bee1e02abbba3a71.dir
      size: 412
      nfiles: 2
